PODS:
  - Flutter (1.0.0)
  - naver_map_plugin (0.9.4):
    - Flutter
    - NMapsMap
  - NMapsMap (3.10.0)

DEPENDENCIES:
  - Flutter (from `Flutter`)
  - naver_map_plugin (from `.symlinks/plugins/naver_map_plugin/ios`)
  - NMapsMap (= 3.10.0)

SPEC REPOS:
  trunk:
    - NMapsMap

EXTERNAL SOURCES:
  Flutter:
    :path: Flutter
  naver_map_plugin:
    :path: ".symlinks/plugins/naver_map_plugin/ios"

SPEC CHECKSUMS:
  Flutter: f04841e97a9d0b0a8025694d0796dd46242b2854
  naver_map_plugin: d1d67733c56b20b88270d9da51218e18fa916232
  NMapsMap: 17caab4af9a3fc5c25b79858de18bdeab1eaff87

PODFILE CHECKSUM: a7877e02ff36d8e5dabb79414360779a5c98e0f8

COCOAPODS: 1.11.2
